
Microsoft Visual Studio Solution File, Format Version 12.00
# Visual Studio Version 16
VisualStudioVersion = 16.0.29519.87
MinimumVisualStudioVersion = 10.0.40219.1
Project("{FAE04EC0-301F-11D3-BF4B-00C04F79EFBC}") = "ConsoleApp1", "ConsoleApp1\ConsoleApp1.csproj", "{8F7DCFC8-DAF1-43CB-B5F3-8C921342E67D}"
EndProject
Project("{FAE04EC0-301F-11D3-BF4B-00C04F79EFBC}") = "ConsoleApp2", "ConsoleApp2\ConsoleApp2.csproj", "{658053C2-06EA-40CD-AE57-90516FDD1A95}"
EndProject
Project("{FAE04EC0-301F-11D3-BF4B-00C04F79EFBC}") = "ConsoleApp3", "ConsoleApp3\ConsoleApp3.csproj", "{D4F8D41F-3766-4944-BD8E-E3FAF5837401}"
EndProject
Project("{FAE04EC0-301F-11D3-BF4B-00C04F79EFBC}") = "ConsoleApp4", "ConsoleApp4\ConsoleApp4.csproj", "{238E9EC9-FC49-42DB-AAAF-5039FB5397F9}"
EndProject
Project("{FAE04EC0-301F-11D3-BF4B-00C04F79EFBC}") = "ConsoleApp5", "ConsoleApp5\ConsoleApp5.csproj", "{05369192-B1DA-4BCF-B94C-052C040B3A39}"
EndProject
Project("{FAE04EC0-301F-11D3-BF4B-00C04F79EFBC}") = "ConsoleApp6", "ConsoleApp6\ConsoleApp6.csproj", "{4680C16B-0371-48F5-B758-72D98155F8E4}"
EndProject
Global
	GlobalSection(SolutionConfigurationPlatforms) = preSolution
		Debug|Any CPU = Debug|Any CPU
		Release|Any CPU = Release|Any CPU
	EndGlobalSection
	GlobalSection(ProjectConfigurationPlatforms) = postSolution
		{8F7DCFC8-DAF1-43CB-B5F3-8C921342E67D}.Debug|Any CPU.ActiveCfg = Debug|Any CPU
		{8F7DCFC8-DAF1-43CB-B5F3-8C921342E67D}.Debug|Any CPU.Build.0 = Debug|Any CPU
		{8F7DCFC8-DAF1-43CB-B5F3-8C921342E67D}.Release|Any CPU.ActiveCfg = Release|Any CPU
		{8F7DCFC8-DAF1-43CB-B5F3-8C921342E67D}.Release|Any CPU.Build.0 = Release|Any CPU
		{658053C2-06EA-40CD-AE57-90516FDD1A95}.Debug|Any CPU.ActiveCfg = Debug|Any CPU
		{658053C2-06EA-40CD-AE57-90516FDD1A95}.Debug|Any CPU.Build.0 = Debug|Any CPU
		{658053C2-06EA-40CD-AE57-90516FDD1A95}.Release|Any CPU.ActiveCfg = Release|Any CPU
		{658053C2-06EA-40CD-AE57-90516FDD1A95}.Release|Any CPU.Build.0 = Release|Any CPU
		{D4F8D41F-3766-4944-BD8E-E3FAF5837401}.Debug|Any CPU.ActiveCfg = Debug|Any CPU
		{D4F8D41F-3766-4944-BD8E-E3FAF5837401}.Debug|Any CPU.Build.0 = Debug|Any CPU
		{D4F8D41F-3766-4944-BD8E-E3FAF5837401}.Release|Any CPU.ActiveCfg = Release|Any CPU
		{D4F8D41F-3766-4944-BD8E-E3FAF5837401}.Release|Any CPU.Build.0 = Release|Any CPU
		{238E9EC9-FC49-42DB-AAAF-5039FB5397F9}.Debug|Any CPU.ActiveCfg = Debug|Any CPU
		{238E9EC9-FC49-42DB-AAAF-5039FB5397F9}.Debug|Any CPU.Build.0 = Debug|Any CPU
		{238E9EC9-FC49-42DB-AAAF-5039FB5397F9}.Release|Any CPU.ActiveCfg = Release|Any CPU
		{238E9EC9-FC49-42DB-AAAF-5039FB5397F9}.Release|Any CPU.Build.0 = Release|Any CPU
		{05369192-B1DA-4BCF-B94C-052C040B3A39}.Debug|Any CPU.ActiveCfg = Debug|Any CPU
		{05369192-B1DA-4BCF-B94C-052C040B3A39}.Debug|Any CPU.Build.0 = Debug|Any CPU
		{05369192-B1DA-4BCF-B94C-052C040B3A39}.Release|Any CPU.ActiveCfg = Release|Any CPU
		{05369192-B1DA-4BCF-B94C-052C040B3A39}.Release|Any CPU.Build.0 = Release|Any CPU
		{4680C16B-0371-48F5-B758-72D98155F8E4}.Debug|Any CPU.ActiveCfg = Debug|Any CPU
		{4680C16B-0371-48F5-B758-72D98155F8E4}.Debug|Any CPU.Build.0 = Debug|Any CPU
		{4680C16B-0371-48F5-B758-72D98155F8E4}.Release|Any CPU.ActiveCfg = Release|Any CPU
		{4680C16B-0371-48F5-B758-72D98155F8E4}.Release|Any CPU.Build.0 = Release|Any CPU
	EndGlobalSection
	GlobalSection(SolutionProperties) = preSolution
		HideSolutionNode = FALSE
	EndGlobalSection
	GlobalSection(ExtensibilityGlobals) = postSolution
		SolutionGuid = {9410BDA6-7A6A-46E6-BA2B-C6CB469BCA77}
	EndGlobalSection
EndGlobal
